
Microsoft Visual Studio Solution File, Format Version 12.00
# Visual Studio Version 17
VisualStudioVersion = 17.13.35931.197
MinimumVisualStudioVersion = 10.0.40219.1
Project("{8BC9CEB8-8B4A-11D0-8D11-00A0C91BC942}") = "Server", "Server\Server.vcxproj", "{9BC175AD-178C-42E4-BB1A-469EC6F9EC6C}"
EndProject
Project("{8BC9CEB8-8B4A-11D0-8D11-00A0C91BC942}") = "Small", "Small\Small.vcxproj", "{B4C7931A-7EDE-478E-ADFE-51248D6986C1}"
EndProject
Global
	GlobalSection(SolutionConfigurationPlatforms) = preSolution
		Debug|x64 = Debug|x64
		Debug|x86 = Debug|x86
		Release|x64 = Release|x64
		Release|x86 = Release|x86
	EndGlobalSection
	GlobalSection(ProjectConfigurationPlatforms) = postSolution
		{9BC175AD-178C-42E4-BB1A-469EC6F9EC6C}.Debug|x64.ActiveCfg = Debug|x64
		{9BC175AD-178C-42E4-BB1A-469EC6F9EC6C}.Debug|x64.Build.0 = Debug|x64
		{9BC175AD-178C-42E4-BB1A-469EC6F9EC6C}.Debug|x86.ActiveCfg = Debug|Win32
		{9BC175AD-178C-42E4-BB1A-469EC6F9EC6C}.Debug|x86.Build.0 = Debug|Win32
		{9BC175AD-178C-42E4-BB1A-469EC6F9EC6C}.Release|x64.ActiveCfg = Release|x64
		{9BC175AD-178C-42E4-BB1A-469EC6F9EC6C}.Release|x64.Build.0 = Release|x64
		{9BC175AD-178C-42E4-BB1A-469EC6F9EC6C}.Release|x86.ActiveCfg = Release|Win32
		{9BC175AD-178C-42E4-BB1A-469EC6F9EC6C}.Release|x86.Build.0 = Release|Win32
		{B4C7931A-7EDE-478E-ADFE-51248D6986C1}.Debug|x64.ActiveCfg = Debug|x64
		{B4C7931A-7EDE-478E-ADFE-51248D6986C1}.Debug|x64.Build.0 = Debug|x64
		{B4C7931A-7EDE-478E-ADFE-51248D6986C1}.Debug|x86.ActiveCfg = Debug|Win32
		{B4C7931A-7EDE-478E-ADFE-51248D6986C1}.Debug|x86.Build.0 = Debug|Win32
		{B4C7931A-7EDE-478E-ADFE-51248D6986C1}.Release|x64.ActiveCfg = Release|x64
		{B4C7931A-7EDE-478E-ADFE-51248D6986C1}.Release|x64.Build.0 = Release|x64
		{B4C7931A-7EDE-478E-ADFE-51248D6986C1}.Release|x86.ActiveCfg = Release|Win32
		{B4C7931A-7EDE-478E-ADFE-51248D6986C1}.Release|x86.Build.0 = Release|Win32
	EndGlobalSection
	GlobalSection(SolutionProperties) = preSolution
		HideSolutionNode = FALSE
	EndGlobalSection
	GlobalSection(ExtensibilityGlobals) = postSolution
		SolutionGuid = {6505B04E-C67A-4B5E-897E-A2DC4A46C76F}
	EndGlobalSection
EndGlobal
