
Microsoft Visual Studio Solution File, Format Version 12.00
# Visual Studio Version 17
VisualStudioVersion = 17.10.35013.160
MinimumVisualStudioVersion = 10.0.40219.1
Project("{8BC9CEB8-8B4A-11D0-8D11-00A0C91BC942}") = "Parent", "Parent\Parent.vcxproj", "{6D3869E8-9119-417A-A319-66493273E9A6}"
	ProjectSection(ProjectDependencies) = postProject
		{322E9381-1835-4F14-ABCA-DED4FB6497A9} = {322E9381-1835-4F14-ABCA-DED4FB6497A9}
	EndProjectSection
EndProject
Project("{8BC9CEB8-8B4A-11D0-8D11-00A0C91BC942}") = "Child", "Child\Child.vcxproj", "{322E9381-1835-4F14-ABCA-DED4FB6497A9}"
EndProject
Global
	GlobalSection(SolutionConfigurationPlatforms) = preSolution
		Debug|x64 = Debug|x64
		Debug|x86 = Debug|x86
		Release|x64 = Release|x64
		Release|x86 = Release|x86
	EndGlobalSection
	GlobalSection(ProjectConfigurationPlatforms) = postSolution
		{6D3869E8-9119-417A-A319-66493273E9A6}.Debug|x64.ActiveCfg = Debug|x64
		{6D3869E8-9119-417A-A319-66493273E9A6}.Debug|x64.Build.0 = Debug|x64
		{6D3869E8-9119-417A-A319-66493273E9A6}.Debug|x86.ActiveCfg = Debug|Win32
		{6D3869E8-9119-417A-A319-66493273E9A6}.Debug|x86.Build.0 = Debug|Win32
		{6D3869E8-9119-417A-A319-66493273E9A6}.Release|x64.ActiveCfg = Release|x64
		{6D3869E8-9119-417A-A319-66493273E9A6}.Release|x64.Build.0 = Release|x64
		{6D3869E8-9119-417A-A319-66493273E9A6}.Release|x86.ActiveCfg = Release|Win32
		{6D3869E8-9119-417A-A319-66493273E9A6}.Release|x86.Build.0 = Release|Win32
		{322E9381-1835-4F14-ABCA-DED4FB6497A9}.Debug|x64.ActiveCfg = Debug|x64
		{322E9381-1835-4F14-ABCA-DED4FB6497A9}.Debug|x64.Build.0 = Debug|x64
		{322E9381-1835-4F14-ABCA-DED4FB6497A9}.Debug|x86.ActiveCfg = Debug|Win32
		{322E9381-1835-4F14-ABCA-DED4FB6497A9}.Debug|x86.Build.0 = Debug|Win32
		{322E9381-1835-4F14-ABCA-DED4FB6497A9}.Release|x64.ActiveCfg = Release|x64
		{322E9381-1835-4F14-ABCA-DED4FB6497A9}.Release|x64.Build.0 = Release|x64
		{322E9381-1835-4F14-ABCA-DED4FB6497A9}.Release|x86.ActiveCfg = Release|Win32
		{322E9381-1835-4F14-ABCA-DED4FB6497A9}.Release|x86.Build.0 = Release|Win32
	EndGlobalSection
	GlobalSection(SolutionProperties) = preSolution
		HideSolutionNode = FALSE
	EndGlobalSection
	GlobalSection(ExtensibilityGlobals) = postSolution
		SolutionGuid = {3DC8EA42-5550-4356-B23F-FE9B5543B3E1}
	EndGlobalSection
EndGlobal
